
Microsoft Visual Studio Solution File, Format Version 12.00
# Visual Studio Version 17
VisualStudioVersion = 17.0.31903.59
MinimumVisualStudioVersion = 10.0.40219.1
Project("{FAE04EC0-301F-11D3-BF4B-00C04F79EFBC}") = "Autosave", "mods\Autosave\Autosave.csproj", "{69C2AB39-2A68-4959-8648-653E6D95BB17}"
EndProject
Project("{FAE04EC0-301F-11D3-BF4B-00C04F79EFBC}") = "HoursOfOperation", "mods\HoursOfOperation\HoursOfOperation.csproj", "{4B28C7FF-BF7F-4DE6-BEFE-4E4B78C71A6F}"
EndProject
Project("{2150E333-8FDC-42A3-9474-1A3956D46DE8}") = "mods", "mods", "{DAC528C8-E500-4C66-B297-BBFEFE26FF1F}"
EndProject
Project("{FAE04EC0-301F-11D3-BF4B-00C04F79EFBC}") = "TestHelper", "mods\TestHelper\TestHelper.csproj", "{EAEBAE9F-060D-416D-ADFD-3229B3C9EC8C}"
EndProject
Project("{FAE04EC0-301F-11D3-BF4B-00C04F79EFBC}") = "PrintBugfix", "mods\PrintBugfix\PrintBugfix.csproj", "{8B143DB7-2719-4504-81D0-A625C6CBC3FB}"
EndProject
Project("{FAE04EC0-301F-11D3-BF4B-00C04F79EFBC}") = "Guns", "mods\Guns\Guns.csproj", "{8B42AB53-284B-485E-96FD-BB4F6FADE098}"
EndProject
Global
	GlobalSection(SolutionConfigurationPlatforms) = preSolution
		Debug|Any CPU = Debug|Any CPU
		Release|Any CPU = Release|Any CPU
	EndGlobalSection
	GlobalSection(ProjectConfigurationPlatforms) = postSolution
		{69C2AB39-2A68-4959-8648-653E6D95BB17}.Debug|Any CPU.ActiveCfg = Debug|Any CPU
		{69C2AB39-2A68-4959-8648-653E6D95BB17}.Debug|Any CPU.Build.0 = Debug|Any CPU
		{69C2AB39-2A68-4959-8648-653E6D95BB17}.Release|Any CPU.ActiveCfg = Release|Any CPU
		{69C2AB39-2A68-4959-8648-653E6D95BB17}.Release|Any CPU.Build.0 = Release|Any CPU
		{4B28C7FF-BF7F-4DE6-BEFE-4E4B78C71A6F}.Debug|Any CPU.ActiveCfg = Debug|Any CPU
		{4B28C7FF-BF7F-4DE6-BEFE-4E4B78C71A6F}.Debug|Any CPU.Build.0 = Debug|Any CPU
		{4B28C7FF-BF7F-4DE6-BEFE-4E4B78C71A6F}.Release|Any CPU.ActiveCfg = Release|Any CPU
		{4B28C7FF-BF7F-4DE6-BEFE-4E4B78C71A6F}.Release|Any CPU.Build.0 = Release|Any CPU
		{EAEBAE9F-060D-416D-ADFD-3229B3C9EC8C}.Debug|Any CPU.ActiveCfg = Debug|Any CPU
		{EAEBAE9F-060D-416D-ADFD-3229B3C9EC8C}.Debug|Any CPU.Build.0 = Debug|Any CPU
		{EAEBAE9F-060D-416D-ADFD-3229B3C9EC8C}.Release|Any CPU.ActiveCfg = Release|Any CPU
		{EAEBAE9F-060D-416D-ADFD-3229B3C9EC8C}.Release|Any CPU.Build.0 = Release|Any CPU
		{8B143DB7-2719-4504-81D0-A625C6CBC3FB}.Debug|Any CPU.ActiveCfg = Debug|Any CPU
		{8B143DB7-2719-4504-81D0-A625C6CBC3FB}.Debug|Any CPU.Build.0 = Debug|Any CPU
		{8B143DB7-2719-4504-81D0-A625C6CBC3FB}.Release|Any CPU.ActiveCfg = Release|Any CPU
		{8B143DB7-2719-4504-81D0-A625C6CBC3FB}.Release|Any CPU.Build.0 = Release|Any CPU
		{8B42AB53-284B-485E-96FD-BB4F6FADE098}.Debug|Any CPU.ActiveCfg = Debug|Any CPU
		{8B42AB53-284B-485E-96FD-BB4F6FADE098}.Debug|Any CPU.Build.0 = Debug|Any CPU
		{8B42AB53-284B-485E-96FD-BB4F6FADE098}.Release|Any CPU.ActiveCfg = Release|Any CPU
		{8B42AB53-284B-485E-96FD-BB4F6FADE098}.Release|Any CPU.Build.0 = Release|Any CPU
	EndGlobalSection
	GlobalSection(SolutionProperties) = preSolution
		HideSolutionNode = FALSE
	EndGlobalSection
	GlobalSection(NestedProjects) = preSolution
		{EAEBAE9F-060D-416D-ADFD-3229B3C9EC8C} = {DAC528C8-E500-4C66-B297-BBFEFE26FF1F}
		{8B143DB7-2719-4504-81D0-A625C6CBC3FB} = {DAC528C8-E500-4C66-B297-BBFEFE26FF1F}
		{8B42AB53-284B-485E-96FD-BB4F6FADE098} = {DAC528C8-E500-4C66-B297-BBFEFE26FF1F}
	EndGlobalSection
EndGlobal
