
Microsoft Visual Studio Solution File, Format Version 12.00
# Visual Studio Version 17
VisualStudioVersion = 17.0.31903.59
MinimumVisualStudioVersion = 10.0.40219.1
Project("{FAE04EC0-301F-11D3-BF4B-00C04F79EFBC}") = "PluginDataPersistence", "mods\PluginDataPersistence\PluginDataPersistence.csproj", "{94EE6431-6462-418D-B855-067508DFE997}"
EndProject
Project("{FAE04EC0-301F-11D3-BF4B-00C04F79EFBC}") = "Autosave", "mods\Autosave\Autosave.csproj", "{69C2AB39-2A68-4959-8648-653E6D95BB17}"
EndProject
Project("{FAE04EC0-301F-11D3-BF4B-00C04F79EFBC}") = "HoursOfOperation", "mods\HoursOfOperation\HoursOfOperation.csproj", "{4B28C7FF-BF7F-4DE6-BEFE-4E4B78C71A6F}"
EndProject
Project("{FAE04EC0-301F-11D3-BF4B-00C04F79EFBC}") = "PresetEdit", "mods\PresetEdit\PresetEdit.csproj", "{68EF0A40-5FB1-48DF-9D33-5EC8A8D790ED}"
EndProject
Project("{2150E333-8FDC-42A3-9474-1A3956D46DE8}") = "mods", "mods", "{DAC528C8-E500-4C66-B297-BBFEFE26FF1F}"
EndProject
Project("{FAE04EC0-301F-11D3-BF4B-00C04F79EFBC}") = "TestHelper", "mods\TestHelper\TestHelper.csproj", "{EAEBAE9F-060D-416D-ADFD-3229B3C9EC8C}"
EndProject
Project("{FAE04EC0-301F-11D3-BF4B-00C04F79EFBC}") = "PrintBugfix", "mods\PrintBugfix\PrintBugfix.csproj", "{8B143DB7-2719-4504-81D0-A625C6CBC3FB}"
EndProject
Global
	GlobalSection(SolutionConfigurationPlatforms) = preSolution
		Debug|Any CPU = Debug|Any CPU
		Release|Any CPU = Release|Any CPU
	EndGlobalSection
	GlobalSection(SolutionProperties) = preSolution
		HideSolutionNode = FALSE
	EndGlobalSection
	GlobalSection(ProjectConfigurationPlatforms) = postSolution
		{DF8334D7-3E6C-41B7-BA3A-274DA55363F9}.Debug|Any CPU.ActiveCfg = Debug|Any CPU
		{DF8334D7-3E6C-41B7-BA3A-274DA55363F9}.Debug|Any CPU.Build.0 = Debug|Any CPU
		{DF8334D7-3E6C-41B7-BA3A-274DA55363F9}.Release|Any CPU.ActiveCfg = Release|Any CPU
		{DF8334D7-3E6C-41B7-BA3A-274DA55363F9}.Release|Any CPU.Build.0 = Release|Any CPU
		{D69BF514-37B4-426F-B7DD-E91918F0CEA7}.Debug|Any CPU.ActiveCfg = Debug|Any CPU
		{D69BF514-37B4-426F-B7DD-E91918F0CEA7}.Debug|Any CPU.Build.0 = Debug|Any CPU
		{D69BF514-37B4-426F-B7DD-E91918F0CEA7}.Release|Any CPU.ActiveCfg = Release|Any CPU
		{D69BF514-37B4-426F-B7DD-E91918F0CEA7}.Release|Any CPU.Build.0 = Release|Any CPU
		{5E3814B6-8A13-4807-B339-86AA959EB3A0}.Debug|Any CPU.ActiveCfg = Debug|Any CPU
		{5E3814B6-8A13-4807-B339-86AA959EB3A0}.Debug|Any CPU.Build.0 = Debug|Any CPU
		{5E3814B6-8A13-4807-B339-86AA959EB3A0}.Release|Any CPU.ActiveCfg = Release|Any CPU
		{5E3814B6-8A13-4807-B339-86AA959EB3A0}.Release|Any CPU.Build.0 = Release|Any CPU
		{ADE0DADE-38C1-4909-AD90-DE0441D49F8B}.Debug|Any CPU.ActiveCfg = Debug|Any CPU
		{ADE0DADE-38C1-4909-AD90-DE0441D49F8B}.Debug|Any CPU.Build.0 = Debug|Any CPU
		{ADE0DADE-38C1-4909-AD90-DE0441D49F8B}.Release|Any CPU.ActiveCfg = Release|Any CPU
		{ADE0DADE-38C1-4909-AD90-DE0441D49F8B}.Release|Any CPU.Build.0 = Release|Any CPU
		{94EE6431-6462-418D-B855-067508DFE997}.Debug|Any CPU.ActiveCfg = Debug|Any CPU
		{94EE6431-6462-418D-B855-067508DFE997}.Debug|Any CPU.Build.0 = Debug|Any CPU
		{94EE6431-6462-418D-B855-067508DFE997}.Release|Any CPU.ActiveCfg = Release|Any CPU
		{94EE6431-6462-418D-B855-067508DFE997}.Release|Any CPU.Build.0 = Release|Any CPU
		{C5BDF2C0-61C3-4A7F-A042-F7EE2557E2E9}.Debug|Any CPU.ActiveCfg = Debug|Any CPU
		{C5BDF2C0-61C3-4A7F-A042-F7EE2557E2E9}.Debug|Any CPU.Build.0 = Debug|Any CPU
		{C5BDF2C0-61C3-4A7F-A042-F7EE2557E2E9}.Release|Any CPU.ActiveCfg = Release|Any CPU
		{C5BDF2C0-61C3-4A7F-A042-F7EE2557E2E9}.Release|Any CPU.Build.0 = Release|Any CPU
		{15078468-18B5-4FF9-9057-A3B4990C1BA8}.Debug|Any CPU.ActiveCfg = Debug|Any CPU
		{15078468-18B5-4FF9-9057-A3B4990C1BA8}.Debug|Any CPU.Build.0 = Debug|Any CPU
		{15078468-18B5-4FF9-9057-A3B4990C1BA8}.Release|Any CPU.ActiveCfg = Release|Any CPU
		{15078468-18B5-4FF9-9057-A3B4990C1BA8}.Release|Any CPU.Build.0 = Release|Any CPU
		{DB9477D0-F639-479C-ACEE-F267F701FDB4}.Debug|Any CPU.ActiveCfg = Debug|Any CPU
		{DB9477D0-F639-479C-ACEE-F267F701FDB4}.Debug|Any CPU.Build.0 = Debug|Any CPU
		{DB9477D0-F639-479C-ACEE-F267F701FDB4}.Release|Any CPU.ActiveCfg = Release|Any CPU
		{DB9477D0-F639-479C-ACEE-F267F701FDB4}.Release|Any CPU.Build.0 = Release|Any CPU
		{69C2AB39-2A68-4959-8648-653E6D95BB17}.Debug|Any CPU.ActiveCfg = Debug|Any CPU
		{69C2AB39-2A68-4959-8648-653E6D95BB17}.Debug|Any CPU.Build.0 = Debug|Any CPU
		{69C2AB39-2A68-4959-8648-653E6D95BB17}.Release|Any CPU.ActiveCfg = Release|Any CPU
		{69C2AB39-2A68-4959-8648-653E6D95BB17}.Release|Any CPU.Build.0 = Release|Any CPU
		{70C2B815-EC77-4EF4-B94A-BDB5D0E74E82}.Debug|Any CPU.ActiveCfg = Debug|Any CPU
		{70C2B815-EC77-4EF4-B94A-BDB5D0E74E82}.Debug|Any CPU.Build.0 = Debug|Any CPU
		{70C2B815-EC77-4EF4-B94A-BDB5D0E74E82}.Release|Any CPU.ActiveCfg = Release|Any CPU
		{70C2B815-EC77-4EF4-B94A-BDB5D0E74E82}.Release|Any CPU.Build.0 = Release|Any CPU
		{4B28C7FF-BF7F-4DE6-BEFE-4E4B78C71A6F}.Debug|Any CPU.ActiveCfg = Debug|Any CPU
		{4B28C7FF-BF7F-4DE6-BEFE-4E4B78C71A6F}.Debug|Any CPU.Build.0 = Debug|Any CPU
		{4B28C7FF-BF7F-4DE6-BEFE-4E4B78C71A6F}.Release|Any CPU.ActiveCfg = Release|Any CPU
		{4B28C7FF-BF7F-4DE6-BEFE-4E4B78C71A6F}.Release|Any CPU.Build.0 = Release|Any CPU
		{68EF0A40-5FB1-48DF-9D33-5EC8A8D790ED}.Debug|Any CPU.ActiveCfg = Debug|Any CPU
		{68EF0A40-5FB1-48DF-9D33-5EC8A8D790ED}.Debug|Any CPU.Build.0 = Debug|Any CPU
		{68EF0A40-5FB1-48DF-9D33-5EC8A8D790ED}.Release|Any CPU.ActiveCfg = Release|Any CPU
		{68EF0A40-5FB1-48DF-9D33-5EC8A8D790ED}.Release|Any CPU.Build.0 = Release|Any CPU
		{7A164ADD-5175-4BAF-ADB6-6FB997F512C8}.Debug|Any CPU.ActiveCfg = Debug|Any CPU
		{7A164ADD-5175-4BAF-ADB6-6FB997F512C8}.Debug|Any CPU.Build.0 = Debug|Any CPU
		{7A164ADD-5175-4BAF-ADB6-6FB997F512C8}.Release|Any CPU.ActiveCfg = Release|Any CPU
		{7A164ADD-5175-4BAF-ADB6-6FB997F512C8}.Release|Any CPU.Build.0 = Release|Any CPU
		{EAEBAE9F-060D-416D-ADFD-3229B3C9EC8C}.Debug|Any CPU.ActiveCfg = Debug|Any CPU
		{EAEBAE9F-060D-416D-ADFD-3229B3C9EC8C}.Debug|Any CPU.Build.0 = Debug|Any CPU
		{EAEBAE9F-060D-416D-ADFD-3229B3C9EC8C}.Release|Any CPU.ActiveCfg = Release|Any CPU
		{EAEBAE9F-060D-416D-ADFD-3229B3C9EC8C}.Release|Any CPU.Build.0 = Release|Any CPU
		{8B143DB7-2719-4504-81D0-A625C6CBC3FB}.Debug|Any CPU.ActiveCfg = Debug|Any CPU
		{8B143DB7-2719-4504-81D0-A625C6CBC3FB}.Debug|Any CPU.Build.0 = Debug|Any CPU
		{8B143DB7-2719-4504-81D0-A625C6CBC3FB}.Release|Any CPU.ActiveCfg = Release|Any CPU
		{8B143DB7-2719-4504-81D0-A625C6CBC3FB}.Release|Any CPU.Build.0 = Release|Any CPU
	EndGlobalSection
	GlobalSection(NestedProjects) = preSolution
		{EAEBAE9F-060D-416D-ADFD-3229B3C9EC8C} = {DAC528C8-E500-4C66-B297-BBFEFE26FF1F}
		{8B143DB7-2719-4504-81D0-A625C6CBC3FB} = {DAC528C8-E500-4C66-B297-BBFEFE26FF1F}
	EndGlobalSection
EndGlobal
