
Microsoft Visual Studio Solution File, Format Version 12.00
# Visual Studio Version 17
VisualStudioVersion = 17.0.31903.59
MinimumVisualStudioVersion = 10.0.40219.1
Project("{FAE04EC0-301F-11D3-BF4B-00C04F79EFBC}") = "DeTESTive", "DeTESTive\DeTESTive.csproj", "{DF8334D7-3E6C-41B7-BA3A-274DA55363F9}"
EndProject
Project("{FAE04EC0-301F-11D3-BF4B-00C04F79EFBC}") = "DeTESTiveExample", "DeTESTiveExample\DeTESTiveExample.csproj", "{D69BF514-37B4-426F-B7DD-E91918F0CEA7}"
EndProject
Global
	GlobalSection(SolutionConfigurationPlatforms) = preSolution
		Debug|Any CPU = Debug|Any CPU
		Release|Any CPU = Release|Any CPU
	EndGlobalSection
	GlobalSection(SolutionProperties) = preSolution
		HideSolutionNode = FALSE
	EndGlobalSection
	GlobalSection(ProjectConfigurationPlatforms) = postSolution
		{DF8334D7-3E6C-41B7-BA3A-274DA55363F9}.Debug|Any CPU.ActiveCfg = Debug|Any CPU
		{DF8334D7-3E6C-41B7-BA3A-274DA55363F9}.Debug|Any CPU.Build.0 = Debug|Any CPU
		{DF8334D7-3E6C-41B7-BA3A-274DA55363F9}.Release|Any CPU.ActiveCfg = Release|Any CPU
		{DF8334D7-3E6C-41B7-BA3A-274DA55363F9}.Release|Any CPU.Build.0 = Release|Any CPU
		{D69BF514-37B4-426F-B7DD-E91918F0CEA7}.Debug|Any CPU.ActiveCfg = Debug|Any CPU
		{D69BF514-37B4-426F-B7DD-E91918F0CEA7}.Debug|Any CPU.Build.0 = Debug|Any CPU
		{D69BF514-37B4-426F-B7DD-E91918F0CEA7}.Release|Any CPU.ActiveCfg = Release|Any CPU
		{D69BF514-37B4-426F-B7DD-E91918F0CEA7}.Release|Any CPU.Build.0 = Release|Any CPU
	EndGlobalSection
EndGlobal
